
Microsoft Visual Studio Solution File, Format Version 12.00
# Visual Studio 14
VisualStudioVersion = 14.0.23107.0
MinimumVisualStudioVersion = 10.0.40219.1
Project("{FAE04EC0-301F-11D3-BF4B-00C04F79EFBC}") = "Bugger.Applications", "Bugger.Applications\Bugger.Applications.csproj", "{398D1756-2C56-454A-A7EC-E996BB146C2E}"
EndProject
Project("{2150E333-8FDC-42A3-9474-1A3956D46DE8}") = "98 Frameworks", "98 Frameworks", "{F61D2D43-8B41-42FF-8F70-A06BFEA61FFD}"
EndProject
Project("{2150E333-8FDC-42A3-9474-1A3956D46DE8}") = "02 Bugger.PlugIns", "02 Bugger.PlugIns", "{694ABF97-6A12-4F55-8EEC-A28551FA350E}"
EndProject
Project("{FAE04EC0-301F-11D3-BF4B-00C04F79EFBC}") = "Bugger.Applications.Test", "Bugger.Applications.Test\Bugger.Applications.Test.csproj", "{788C52B8-DD44-4FC2-ACA7-492D6C79956D}"
EndProject
Project("{FAE04EC0-301F-11D3-BF4B-00C04F79EFBC}") = "Bugger.Presentation", "Bugger.Presentation\Bugger.Presentation.csproj", "{3B42FF95-85A5-47FF-87C6-748A493CD9B5}"
EndProject
Project("{FAE04EC0-301F-11D3-BF4B-00C04F79EFBC}") = "Bugger.Proxy.TFS", "Bugger.Proxies\Bugger.Proxy.TFS\Bugger.Proxy.TFS.csproj", "{5714B0C6-82F3-4CC6-B33E-E3F8835C38FC}"
EndProject
Project("{FAE04EC0-301F-11D3-BF4B-00C04F79EFBC}") = "Bugger.Proxy.TFS.Presentation", "Bugger.Proxies\Bugger.Proxy.TFS.Presentation\Bugger.Proxy.TFS.Presentation.csproj", "{0C5CD96E-9B43-4065-8A02-83B96989E242}"
EndProject
Project("{FAE04EC0-301F-11D3-BF4B-00C04F79EFBC}") = "Bugger.Proxy.TFS.Presentation.Fake", "Bugger.Proxies\Bugger.Proxy.TFS.Presentation.Fake\Bugger.Proxy.TFS.Presentation.Fake.csproj", "{02AB8E76-2073-4F30-B891-1A1B60AE5101}"
EndProject
Project("{FAE04EC0-301F-11D3-BF4B-00C04F79EFBC}") = "Bugger.Proxy.TFS.Test", "Bugger.Proxies\Bugger.Proxy.TFS.Test\Bugger.Proxy.TFS.Test.csproj", "{ACA76AA8-1231-480D-A2B0-EA5A63C477EB}"
EndProject
Project("{FAE04EC0-301F-11D3-BF4B-00C04F79EFBC}") = "Bugger.Presentation.Test", "Bugger.Presentation.Test\Bugger.Presentation.Test.csproj", "{16E901F8-B205-48F3-B1CD-E631E7F30FFD}"
EndProject
Project("{2150E333-8FDC-42A3-9474-1A3956D46DE8}") = "99 Documents", "99 Documents", "{6E99D59A-35B2-44BD-B270-8AEE9DE07B87}"
	ProjectSection(SolutionItems) = preProject
		ChangeLog.txt = ChangeLog.txt
	EndProjectSection
EndProject
Project("{FAE04EC0-301F-11D3-BF4B-00C04F79EFBC}") = "Bugger.Proxy.TFS.Presentation.Test", "Bugger.Proxies\Bugger.Proxy.TFS.Presentation.Test\Bugger.Proxy.TFS.Presentation.Test.csproj", "{F6C15702-B96F-4581-B8DA-9DA3D6AD5646}"
EndProject
Project("{2150E333-8FDC-42A3-9474-1A3956D46DE8}") = "00 Architecture", "00 Architecture", "{1ADB4068-4420-413A-BDB1-AD4DCD0073C2}"
EndProject
Project("{2150E333-8FDC-42A3-9474-1A3956D46DE8}") = "01 Bugger.Base", "01 Bugger.Base", "{823D2174-AA3F-411B-B01C-1E4E23D7EA74}"
EndProject
Project("{2150E333-8FDC-42A3-9474-1A3956D46DE8}") = "01 TFS", "01 TFS", "{55ED89F8-2239-42E8-949C-E93CE9B5CFC0}"
EndProject
Project("{2150E333-8FDC-42A3-9474-1A3956D46DE8}") = "99 FakeProxy", "99 FakeProxy", "{A328B80D-120E-4701-B2B8-5DBE6D8E319A}"
EndProject
Project("{2150E333-8FDC-42A3-9474-1A3956D46DE8}") = "03 Bugger.Applications", "03 Bugger.Applications", "{833C4A4B-3E09-4816-A78F-E16447F7B825}"
EndProject
Project("{2150E333-8FDC-42A3-9474-1A3956D46DE8}") = "04 Bugger.Presentation", "04 Bugger.Presentation", "{C7CFDDD5-F148-4046-8C96-22DC17A3F203}"
EndProject
Project("{2150E333-8FDC-42A3-9474-1A3956D46DE8}") = "References", "References", "{4873D525-DFD0-4FB7-8416-8DA7B21C3DCB}"
	ProjectSection(SolutionItems) = preProject
		References\Microsoft.TeamFoundation.Client.dll = References\Microsoft.TeamFoundation.Client.dll
		References\Microsoft.TeamFoundation.Common.dll = References\Microsoft.TeamFoundation.Common.dll
		References\Microsoft.TeamFoundation.WorkItemTracking.Client.dll = References\Microsoft.TeamFoundation.WorkItemTracking.Client.dll
	EndProjectSection
EndProject
Project("{FAE04EC0-301F-11D3-BF4B-00C04F79EFBC}") = "Bugger.Base", "Bugger.Base\Bugger.Base.csproj", "{A5CD06A3-28F5-4D2F-8DFD-62BE4808AF5A}"
EndProject
Project("{FAE04EC0-301F-11D3-BF4B-00C04F79EFBC}") = "Bugger.Base.Test", "Bugger.Base.Test\Bugger.Base.Test.csproj", "{01329142-F933-4811-A40D-20D1DDEDAD14}"
EndProject
Project("{FAE04EC0-301F-11D3-BF4B-00C04F79EFBC}") = "BigEgg.Framework", "..\Core\Framework\BigEgg.Framework\BigEgg.Framework.csproj", "{86969290-3921-4D3E-9168-0380D55B547A}"
EndProject
Project("{FAE04EC0-301F-11D3-BF4B-00C04F79EFBC}") = "BigEgg.Framework.Applications", "..\Core\Framework\BigEgg.Framework.Applications\BigEgg.Framework.Applications.csproj", "{AC6AD921-828C-484F-B746-BACFEC5CD856}"
EndProject
Project("{FAE04EC0-301F-11D3-BF4B-00C04F79EFBC}") = "BigEgg.Framework.Applications.UnitTesting", "..\Core\Framework\BigEgg.Framework.Applications.UnitTest\BigEgg.Framework.Applications.UnitTesting.csproj", "{9C8D53DD-FE21-4142-802B-25FCE61CD2A5}"
EndProject
Project("{F088123C-0E9E-452A-89E6-6BA2F21D5CAC}") = "Bugger.Architecture", "Bugger.Architecture\Bugger.Architecture.modelproj", "{A1F52CEF-3CEF-4B07-B011-A4ECD363E5B8}"
EndProject
Project("{2150E333-8FDC-42A3-9474-1A3956D46DE8}") = "99 PlugInHelper", "99 PlugInHelper", "{A0CA3BE9-50F9-49C9-B3D5-13A51EF6B9D1}"
EndProject
Project("{2150E333-8FDC-42A3-9474-1A3956D46DE8}") = "01 TrackingSystem", "01 TrackingSystem", "{492020AA-63D6-4569-8B07-345C454069F3}"
EndProject
Project("{2150E333-8FDC-42A3-9474-1A3956D46DE8}") = "02 Click", "02 Click", "{93951EA1-19AB-4409-B1CB-91C5747B293A}"
EndProject
Project("{FAE04EC0-301F-11D3-BF4B-00C04F79EFBC}") = "Bugger.PlugIns.TrackingSystems.Fake", "Bugger.PlugIns.TrackingSystems\Bugger.PlugIns.TrackingSystems.Fake\Bugger.PlugIns.TrackingSystems.Fake.csproj", "{41090009-10C1-447F-9189-A42CD9657C29}"
EndProject
Project("{FAE04EC0-301F-11D3-BF4B-00C04F79EFBC}") = "Bugger.PlugIns.TrackingSystems.Fake.Test", "Bugger.PlugIns.TrackingSystems\Bugger.PlugIns.TrackingSystems.Fake.Test\Bugger.PlugIns.TrackingSystems.Fake.Test.csproj", "{C7190647-3804-4E35-96B2-D860DC21F649}"
EndProject
Global
	GlobalSection(SolutionConfigurationPlatforms) = preSolution
		Debug|Any CPU = Debug|Any CPU
		Release|Any CPU = Release|Any CPU
	EndGlobalSection
	GlobalSection(ProjectConfigurationPlatforms) = postSolution
		{398D1756-2C56-454A-A7EC-E996BB146C2E}.Debug|Any CPU.ActiveCfg = Debug|Any CPU
		{398D1756-2C56-454A-A7EC-E996BB146C2E}.Debug|Any CPU.Build.0 = Debug|Any CPU
		{398D1756-2C56-454A-A7EC-E996BB146C2E}.Release|Any CPU.ActiveCfg = Release|Any CPU
		{398D1756-2C56-454A-A7EC-E996BB146C2E}.Release|Any CPU.Build.0 = Release|Any CPU
		{788C52B8-DD44-4FC2-ACA7-492D6C79956D}.Debug|Any CPU.ActiveCfg = Debug|Any CPU
		{788C52B8-DD44-4FC2-ACA7-492D6C79956D}.Debug|Any CPU.Build.0 = Debug|Any CPU
		{788C52B8-DD44-4FC2-ACA7-492D6C79956D}.Release|Any CPU.ActiveCfg = Release|Any CPU
		{3B42FF95-85A5-47FF-87C6-748A493CD9B5}.Debug|Any CPU.ActiveCfg = Debug|Any CPU
		{3B42FF95-85A5-47FF-87C6-748A493CD9B5}.Debug|Any CPU.Build.0 = Debug|Any CPU
		{3B42FF95-85A5-47FF-87C6-748A493CD9B5}.Release|Any CPU.ActiveCfg = Release|Any CPU
		{3B42FF95-85A5-47FF-87C6-748A493CD9B5}.Release|Any CPU.Build.0 = Release|Any CPU
		{5714B0C6-82F3-4CC6-B33E-E3F8835C38FC}.Debug|Any CPU.ActiveCfg = Debug|Any CPU
		{5714B0C6-82F3-4CC6-B33E-E3F8835C38FC}.Debug|Any CPU.Build.0 = Debug|Any CPU
		{5714B0C6-82F3-4CC6-B33E-E3F8835C38FC}.Release|Any CPU.ActiveCfg = Release|Any CPU
		{5714B0C6-82F3-4CC6-B33E-E3F8835C38FC}.Release|Any CPU.Build.0 = Release|Any CPU
		{0C5CD96E-9B43-4065-8A02-83B96989E242}.Debug|Any CPU.ActiveCfg = Debug|Any CPU
		{0C5CD96E-9B43-4065-8A02-83B96989E242}.Debug|Any CPU.Build.0 = Debug|Any CPU
		{0C5CD96E-9B43-4065-8A02-83B96989E242}.Release|Any CPU.ActiveCfg = Release|Any CPU
		{0C5CD96E-9B43-4065-8A02-83B96989E242}.Release|Any CPU.Build.0 = Release|Any CPU
		{02AB8E76-2073-4F30-B891-1A1B60AE5101}.Debug|Any CPU.ActiveCfg = Debug|Any CPU
		{02AB8E76-2073-4F30-B891-1A1B60AE5101}.Debug|Any CPU.Build.0 = Debug|Any CPU
		{02AB8E76-2073-4F30-B891-1A1B60AE5101}.Release|Any CPU.ActiveCfg = Release|Any CPU
		{ACA76AA8-1231-480D-A2B0-EA5A63C477EB}.Debug|Any CPU.ActiveCfg = Debug|Any CPU
		{ACA76AA8-1231-480D-A2B0-EA5A63C477EB}.Debug|Any CPU.Build.0 = Debug|Any CPU
		{ACA76AA8-1231-480D-A2B0-EA5A63C477EB}.Release|Any CPU.ActiveCfg = Release|Any CPU
		{16E901F8-B205-48F3-B1CD-E631E7F30FFD}.Debug|Any CPU.ActiveCfg = Debug|Any CPU
		{16E901F8-B205-48F3-B1CD-E631E7F30FFD}.Debug|Any CPU.Build.0 = Debug|Any CPU
		{16E901F8-B205-48F3-B1CD-E631E7F30FFD}.Release|Any CPU.ActiveCfg = Release|Any CPU
		{F6C15702-B96F-4581-B8DA-9DA3D6AD5646}.Debug|Any CPU.ActiveCfg = Debug|Any CPU
		{F6C15702-B96F-4581-B8DA-9DA3D6AD5646}.Debug|Any CPU.Build.0 = Debug|Any CPU
		{F6C15702-B96F-4581-B8DA-9DA3D6AD5646}.Release|Any CPU.ActiveCfg = Release|Any CPU
		{A5CD06A3-28F5-4D2F-8DFD-62BE4808AF5A}.Debug|Any CPU.ActiveCfg = Debug|Any CPU
		{A5CD06A3-28F5-4D2F-8DFD-62BE4808AF5A}.Debug|Any CPU.Build.0 = Debug|Any CPU
		{A5CD06A3-28F5-4D2F-8DFD-62BE4808AF5A}.Release|Any CPU.ActiveCfg = Release|Any CPU
		{A5CD06A3-28F5-4D2F-8DFD-62BE4808AF5A}.Release|Any CPU.Build.0 = Release|Any CPU
		{01329142-F933-4811-A40D-20D1DDEDAD14}.Debug|Any CPU.ActiveCfg = Debug|Any CPU
		{01329142-F933-4811-A40D-20D1DDEDAD14}.Debug|Any CPU.Build.0 = Debug|Any CPU
		{01329142-F933-4811-A40D-20D1DDEDAD14}.Release|Any CPU.ActiveCfg = Release|Any CPU
		{01329142-F933-4811-A40D-20D1DDEDAD14}.Release|Any CPU.Build.0 = Release|Any CPU
		{86969290-3921-4D3E-9168-0380D55B547A}.Debug|Any CPU.ActiveCfg = Debug|Any CPU
		{86969290-3921-4D3E-9168-0380D55B547A}.Debug|Any CPU.Build.0 = Debug|Any CPU
		{86969290-3921-4D3E-9168-0380D55B547A}.Release|Any CPU.ActiveCfg = Release|Any CPU
		{86969290-3921-4D3E-9168-0380D55B547A}.Release|Any CPU.Build.0 = Release|Any CPU
		{AC6AD921-828C-484F-B746-BACFEC5CD856}.Debug|Any CPU.ActiveCfg = Debug|Any CPU
		{AC6AD921-828C-484F-B746-BACFEC5CD856}.Debug|Any CPU.Build.0 = Debug|Any CPU
		{AC6AD921-828C-484F-B746-BACFEC5CD856}.Release|Any CPU.ActiveCfg = Release|Any CPU
		{AC6AD921-828C-484F-B746-BACFEC5CD856}.Release|Any CPU.Build.0 = Release|Any CPU
		{9C8D53DD-FE21-4142-802B-25FCE61CD2A5}.Debug|Any CPU.ActiveCfg = Debug|Any CPU
		{9C8D53DD-FE21-4142-802B-25FCE61CD2A5}.Debug|Any CPU.Build.0 = Debug|Any CPU
		{9C8D53DD-FE21-4142-802B-25FCE61CD2A5}.Release|Any CPU.ActiveCfg = Release|Any CPU
		{9C8D53DD-FE21-4142-802B-25FCE61CD2A5}.Release|Any CPU.Build.0 = Release|Any CPU
		{A1F52CEF-3CEF-4B07-B011-A4ECD363E5B8}.Debug|Any CPU.ActiveCfg = Debug|Any CPU
		{A1F52CEF-3CEF-4B07-B011-A4ECD363E5B8}.Debug|Any CPU.Build.0 = Debug|Any CPU
		{A1F52CEF-3CEF-4B07-B011-A4ECD363E5B8}.Release|Any CPU.ActiveCfg = Release|Any CPU
		{A1F52CEF-3CEF-4B07-B011-A4ECD363E5B8}.Release|Any CPU.Build.0 = Release|Any CPU
		{41090009-10C1-447F-9189-A42CD9657C29}.Debug|Any CPU.ActiveCfg = Debug|Any CPU
		{41090009-10C1-447F-9189-A42CD9657C29}.Debug|Any CPU.Build.0 = Debug|Any CPU
		{41090009-10C1-447F-9189-A42CD9657C29}.Release|Any CPU.ActiveCfg = Release|Any CPU
		{41090009-10C1-447F-9189-A42CD9657C29}.Release|Any CPU.Build.0 = Release|Any CPU
		{C7190647-3804-4E35-96B2-D860DC21F649}.Debug|Any CPU.ActiveCfg = Debug|Any CPU
		{C7190647-3804-4E35-96B2-D860DC21F649}.Debug|Any CPU.Build.0 = Debug|Any CPU
		{C7190647-3804-4E35-96B2-D860DC21F649}.Release|Any CPU.ActiveCfg = Release|Any CPU
		{C7190647-3804-4E35-96B2-D860DC21F649}.Release|Any CPU.Build.0 = Release|Any CPU
	EndGlobalSection
	GlobalSection(SolutionProperties) = preSolution
		HideSolutionNode = FALSE
	EndGlobalSection
	GlobalSection(NestedProjects) = preSolution
		{398D1756-2C56-454A-A7EC-E996BB146C2E} = {833C4A4B-3E09-4816-A78F-E16447F7B825}
		{788C52B8-DD44-4FC2-ACA7-492D6C79956D} = {833C4A4B-3E09-4816-A78F-E16447F7B825}
		{3B42FF95-85A5-47FF-87C6-748A493CD9B5} = {C7CFDDD5-F148-4046-8C96-22DC17A3F203}
		{5714B0C6-82F3-4CC6-B33E-E3F8835C38FC} = {55ED89F8-2239-42E8-949C-E93CE9B5CFC0}
		{0C5CD96E-9B43-4065-8A02-83B96989E242} = {55ED89F8-2239-42E8-949C-E93CE9B5CFC0}
		{02AB8E76-2073-4F30-B891-1A1B60AE5101} = {55ED89F8-2239-42E8-949C-E93CE9B5CFC0}
		{ACA76AA8-1231-480D-A2B0-EA5A63C477EB} = {55ED89F8-2239-42E8-949C-E93CE9B5CFC0}
		{16E901F8-B205-48F3-B1CD-E631E7F30FFD} = {C7CFDDD5-F148-4046-8C96-22DC17A3F203}
		{F6C15702-B96F-4581-B8DA-9DA3D6AD5646} = {55ED89F8-2239-42E8-949C-E93CE9B5CFC0}
		{55ED89F8-2239-42E8-949C-E93CE9B5CFC0} = {492020AA-63D6-4569-8B07-345C454069F3}
		{A328B80D-120E-4701-B2B8-5DBE6D8E319A} = {492020AA-63D6-4569-8B07-345C454069F3}
		{4873D525-DFD0-4FB7-8416-8DA7B21C3DCB} = {6E99D59A-35B2-44BD-B270-8AEE9DE07B87}
		{A5CD06A3-28F5-4D2F-8DFD-62BE4808AF5A} = {823D2174-AA3F-411B-B01C-1E4E23D7EA74}
		{01329142-F933-4811-A40D-20D1DDEDAD14} = {823D2174-AA3F-411B-B01C-1E4E23D7EA74}
		{86969290-3921-4D3E-9168-0380D55B547A} = {F61D2D43-8B41-42FF-8F70-A06BFEA61FFD}
		{AC6AD921-828C-484F-B746-BACFEC5CD856} = {F61D2D43-8B41-42FF-8F70-A06BFEA61FFD}
		{9C8D53DD-FE21-4142-802B-25FCE61CD2A5} = {F61D2D43-8B41-42FF-8F70-A06BFEA61FFD}
		{A1F52CEF-3CEF-4B07-B011-A4ECD363E5B8} = {1ADB4068-4420-413A-BDB1-AD4DCD0073C2}
		{A0CA3BE9-50F9-49C9-B3D5-13A51EF6B9D1} = {694ABF97-6A12-4F55-8EEC-A28551FA350E}
		{492020AA-63D6-4569-8B07-345C454069F3} = {694ABF97-6A12-4F55-8EEC-A28551FA350E}
		{93951EA1-19AB-4409-B1CB-91C5747B293A} = {694ABF97-6A12-4F55-8EEC-A28551FA350E}
		{41090009-10C1-447F-9189-A42CD9657C29} = {A328B80D-120E-4701-B2B8-5DBE6D8E319A}
		{C7190647-3804-4E35-96B2-D860DC21F649} = {A328B80D-120E-4701-B2B8-5DBE6D8E319A}
	EndGlobalSection
EndGlobal
