
Microsoft Visual Studio Solution File, Format Version 12.00
# Visual Studio 14
VisualStudioVersion = 14.0.22823.1
MinimumVisualStudioVersion = 10.0.40219.1
Project("{FAE04EC0-301F-11D3-BF4B-00C04F79EFBC}") = "Bugger.Applications", "Bugger.Applications\Bugger.Applications.csproj", "{398D1756-2C56-454A-A7EC-E996BB146C2E}"
EndProject
Project("{2150E333-8FDC-42A3-9474-1A3956D46DE8}") = "98 Frameworks", "98 Frameworks", "{F61D2D43-8B41-42FF-8F70-A06BFEA61FFD}"
EndProject
Project("{2150E333-8FDC-42A3-9474-1A3956D46DE8}") = "02 Bugger.Proxies", "02 Bugger.Proxies", "{694ABF97-6A12-4F55-8EEC-A28551FA350E}"
EndProject
Project("{FAE04EC0-301F-11D3-BF4B-00C04F79EFBC}") = "Bugger.Applications.Test", "Bugger.Applications.Test\Bugger.Applications.Test.csproj", "{788C52B8-DD44-4FC2-ACA7-492D6C79956D}"
EndProject
Project("{FAE04EC0-301F-11D3-BF4B-00C04F79EFBC}") = "Bugger.Presentation", "Bugger.Presentation\Bugger.Presentation.csproj", "{3B42FF95-85A5-47FF-87C6-748A493CD9B5}"
EndProject
Project("{FAE04EC0-301F-11D3-BF4B-00C04F79EFBC}") = "Bugger.Proxy", "Bugger.Proxies\Bugger.Proxy\Bugger.Proxy.csproj", "{E8727087-75F2-435F-BD11-78B4DFF59A40}"
EndProject
Project("{FAE04EC0-301F-11D3-BF4B-00C04F79EFBC}") = "Bugger.Proxy.FakeProxy", "Bugger.Proxies\Bugger.Proxy.FakeProxy\Bugger.Proxy.FakeProxy.csproj", "{9D384026-D73B-4BA9-9AE3-7D2172C438CE}"
EndProject
Project("{FAE04EC0-301F-11D3-BF4B-00C04F79EFBC}") = "Bugger.Proxy.Test", "Bugger.Proxies\Bugger.Proxy.Test\Bugger.Proxy.Test.csproj", "{71760CC4-83EF-4043-9DC5-8E8A40A9C765}"
EndProject
Project("{FAE04EC0-301F-11D3-BF4B-00C04F79EFBC}") = "Bugger.Proxy.TFS", "Bugger.Proxies\Bugger.Proxy.TFS\Bugger.Proxy.TFS.csproj", "{5714B0C6-82F3-4CC6-B33E-E3F8835C38FC}"
EndProject
Project("{FAE04EC0-301F-11D3-BF4B-00C04F79EFBC}") = "Bugger.Proxy.TFS.Presentation", "Bugger.Proxies\Bugger.Proxy.TFS.Presentation\Bugger.Proxy.TFS.Presentation.csproj", "{0C5CD96E-9B43-4065-8A02-83B96989E242}"
EndProject
Project("{FAE04EC0-301F-11D3-BF4B-00C04F79EFBC}") = "Bugger.Proxy.TFS.Presentation.Fake", "Bugger.Proxies\Bugger.Proxy.TFS.Presentation.Fake\Bugger.Proxy.TFS.Presentation.Fake.csproj", "{02AB8E76-2073-4F30-B891-1A1B60AE5101}"
EndProject
Project("{FAE04EC0-301F-11D3-BF4B-00C04F79EFBC}") = "Bugger.Proxy.TFS.Test", "Bugger.Proxies\Bugger.Proxy.TFS.Test\Bugger.Proxy.TFS.Test.csproj", "{ACA76AA8-1231-480D-A2B0-EA5A63C477EB}"
EndProject
Project("{FAE04EC0-301F-11D3-BF4B-00C04F79EFBC}") = "Bugger.Presentation.Test", "Bugger.Presentation.Test\Bugger.Presentation.Test.csproj", "{16E901F8-B205-48F3-B1CD-E631E7F30FFD}"
EndProject
Project("{2150E333-8FDC-42A3-9474-1A3956D46DE8}") = "99 Documents", "99 Documents", "{6E99D59A-35B2-44BD-B270-8AEE9DE07B87}"
	ProjectSection(SolutionItems) = preProject
		ChangeLog.txt = ChangeLog.txt
	EndProjectSection
EndProject
Project("{FAE04EC0-301F-11D3-BF4B-00C04F79EFBC}") = "Bugger.Proxy.FakeProxy.Test", "Bugger.Proxies\Bugger.Proxy.FakeProxy.Test\Bugger.Proxy.FakeProxy.Test.csproj", "{8694BCC9-B84F-4692-B14B-DC8C5A39310E}"
EndProject
Project("{FAE04EC0-301F-11D3-BF4B-00C04F79EFBC}") = "Bugger.Proxy.TFS.Presentation.Test", "Bugger.Proxies\Bugger.Proxy.TFS.Presentation.Test\Bugger.Proxy.TFS.Presentation.Test.csproj", "{F6C15702-B96F-4581-B8DA-9DA3D6AD5646}"
EndProject
Project("{2150E333-8FDC-42A3-9474-1A3956D46DE8}") = "00 Architecture", "00 Architecture", "{1ADB4068-4420-413A-BDB1-AD4DCD0073C2}"
EndProject
Project("{F088123C-0E9E-452A-89E6-6BA2F21D5CAC}") = "Bugger.Architecture", "Bugger.Architecture\Bugger.Architecture.modelproj", "{EC259AB6-762C-47D9-8DC0-F2B9E020C10E}"
EndProject
Project("{2150E333-8FDC-42A3-9474-1A3956D46DE8}") = "01 Bugger.Base", "01 Bugger.Base", "{823D2174-AA3F-411B-B01C-1E4E23D7EA74}"
EndProject
Project("{2150E333-8FDC-42A3-9474-1A3956D46DE8}") = "02 TFS", "02 TFS", "{55ED89F8-2239-42E8-949C-E93CE9B5CFC0}"
EndProject
Project("{2150E333-8FDC-42A3-9474-1A3956D46DE8}") = "01 Base", "01 Base", "{7B667C9E-38F1-4346-BD16-0A35414ACC14}"
EndProject
Project("{2150E333-8FDC-42A3-9474-1A3956D46DE8}") = "99 FakeProxy", "99 FakeProxy", "{A328B80D-120E-4701-B2B8-5DBE6D8E319A}"
EndProject
Project("{2150E333-8FDC-42A3-9474-1A3956D46DE8}") = "03 Bugger.Applications", "03 Bugger.Applications", "{833C4A4B-3E09-4816-A78F-E16447F7B825}"
EndProject
Project("{2150E333-8FDC-42A3-9474-1A3956D46DE8}") = "04 Bugger.Presentation", "04 Bugger.Presentation", "{C7CFDDD5-F148-4046-8C96-22DC17A3F203}"
EndProject
Project("{2150E333-8FDC-42A3-9474-1A3956D46DE8}") = "References", "References", "{4873D525-DFD0-4FB7-8416-8DA7B21C3DCB}"
	ProjectSection(SolutionItems) = preProject
		References\Microsoft.TeamFoundation.Client.dll = References\Microsoft.TeamFoundation.Client.dll
		References\Microsoft.TeamFoundation.Common.dll = References\Microsoft.TeamFoundation.Common.dll
		References\Microsoft.TeamFoundation.WorkItemTracking.Client.dll = References\Microsoft.TeamFoundation.WorkItemTracking.Client.dll
	EndProjectSection
EndProject
Project("{FAE04EC0-301F-11D3-BF4B-00C04F79EFBC}") = "Bugger.Base", "Bugger.Base\Bugger.Base.csproj", "{A5CD06A3-28F5-4D2F-8DFD-62BE4808AF5A}"
EndProject
Project("{FAE04EC0-301F-11D3-BF4B-00C04F79EFBC}") = "Bugger.Base.Test", "Bugger.Base.Test\Bugger.Base.Test.csproj", "{01329142-F933-4811-A40D-20D1DDEDAD14}"
EndProject
Project("{FAE04EC0-301F-11D3-BF4B-00C04F79EFBC}") = "BigEgg.Framework", "Framework\BigEgg.Framework\BigEgg.Framework.csproj", "{86969290-3921-4D3E-9168-0380D55B547A}"
EndProject
Project("{FAE04EC0-301F-11D3-BF4B-00C04F79EFBC}") = "BigEgg.Framework.Test", "Framework\BigEgg.Framework.Test\BigEgg.Framework.Test.csproj", "{6EB11F48-D4B9-4492-83FA-C413728AC0A3}"
EndProject
Project("{FAE04EC0-301F-11D3-BF4B-00C04F79EFBC}") = "BigEgg.Framework.Applications", "Framework\BigEgg.Framework.Applications\BigEgg.Framework.Applications.csproj", "{AC6AD921-828C-484F-B746-BACFEC5CD856}"
EndProject
Project("{FAE04EC0-301F-11D3-BF4B-00C04F79EFBC}") = "BigEgg.Framework.Applications.UnitTesting", "Framework\BigEgg.Framework.Applications.UnitTest\BigEgg.Framework.Applications.UnitTesting.csproj", "{9C8D53DD-FE21-4142-802B-25FCE61CD2A5}"
EndProject
Project("{FAE04EC0-301F-11D3-BF4B-00C04F79EFBC}") = "BigEgg.Framework.Applications.Test", "Framework\BigEgg.Framework.Applications.Test\BigEgg.Framework.Applications.Test.csproj", "{002F1AE2-64D0-40B3-9BE8-337C1C8944B1}"
EndProject
Project("{FAE04EC0-301F-11D3-BF4B-00C04F79EFBC}") = "BigEgg.Framework.Applications.Extensions", "Framework\BigEgg.Framework.Applications.Extensions\BigEgg.Framework.Applications.Extensions.csproj", "{1E1D74D2-0A2F-4C10-A3E3-B9F1F6D8E3E1}"
EndProject
Project("{FAE04EC0-301F-11D3-BF4B-00C04F79EFBC}") = "BigEgg.Framework.Applications.Extensions.Test", "Framework\BigEgg.Framework.Applications.Extensions.Test\BigEgg.Framework.Applications.Extensions.Test.csproj", "{4164FEBA-40CF-43C8-B055-AB13A78AD1A4}"
EndProject
Global
	GlobalSection(SolutionConfigurationPlatforms) = preSolution
		Debug|Any CPU = Debug|Any CPU
		Release|Any CPU = Release|Any CPU
	EndGlobalSection
	GlobalSection(ProjectConfigurationPlatforms) = postSolution
		{398D1756-2C56-454A-A7EC-E996BB146C2E}.Debug|Any CPU.ActiveCfg = Debug|Any CPU
		{398D1756-2C56-454A-A7EC-E996BB146C2E}.Debug|Any CPU.Build.0 = Debug|Any CPU
		{398D1756-2C56-454A-A7EC-E996BB146C2E}.Release|Any CPU.ActiveCfg = Release|Any CPU
		{398D1756-2C56-454A-A7EC-E996BB146C2E}.Release|Any CPU.Build.0 = Release|Any CPU
		{788C52B8-DD44-4FC2-ACA7-492D6C79956D}.Debug|Any CPU.ActiveCfg = Debug|Any CPU
		{788C52B8-DD44-4FC2-ACA7-492D6C79956D}.Debug|Any CPU.Build.0 = Debug|Any CPU
		{788C52B8-DD44-4FC2-ACA7-492D6C79956D}.Release|Any CPU.ActiveCfg = Release|Any CPU
		{3B42FF95-85A5-47FF-87C6-748A493CD9B5}.Debug|Any CPU.ActiveCfg = Debug|Any CPU
		{3B42FF95-85A5-47FF-87C6-748A493CD9B5}.Debug|Any CPU.Build.0 = Debug|Any CPU
		{3B42FF95-85A5-47FF-87C6-748A493CD9B5}.Release|Any CPU.ActiveCfg = Release|Any CPU
		{3B42FF95-85A5-47FF-87C6-748A493CD9B5}.Release|Any CPU.Build.0 = Release|Any CPU
		{E8727087-75F2-435F-BD11-78B4DFF59A40}.Debug|Any CPU.ActiveCfg = Debug|Any CPU
		{E8727087-75F2-435F-BD11-78B4DFF59A40}.Debug|Any CPU.Build.0 = Debug|Any CPU
		{E8727087-75F2-435F-BD11-78B4DFF59A40}.Release|Any CPU.ActiveCfg = Release|Any CPU
		{E8727087-75F2-435F-BD11-78B4DFF59A40}.Release|Any CPU.Build.0 = Release|Any CPU
		{9D384026-D73B-4BA9-9AE3-7D2172C438CE}.Debug|Any CPU.ActiveCfg = Debug|Any CPU
		{9D384026-D73B-4BA9-9AE3-7D2172C438CE}.Debug|Any CPU.Build.0 = Debug|Any CPU
		{9D384026-D73B-4BA9-9AE3-7D2172C438CE}.Release|Any CPU.ActiveCfg = Release|Any CPU
		{71760CC4-83EF-4043-9DC5-8E8A40A9C765}.Debug|Any CPU.ActiveCfg = Debug|Any CPU
		{71760CC4-83EF-4043-9DC5-8E8A40A9C765}.Debug|Any CPU.Build.0 = Debug|Any CPU
		{71760CC4-83EF-4043-9DC5-8E8A40A9C765}.Release|Any CPU.ActiveCfg = Release|Any CPU
		{5714B0C6-82F3-4CC6-B33E-E3F8835C38FC}.Debug|Any CPU.ActiveCfg = Debug|Any CPU
		{5714B0C6-82F3-4CC6-B33E-E3F8835C38FC}.Debug|Any CPU.Build.0 = Debug|Any CPU
		{5714B0C6-82F3-4CC6-B33E-E3F8835C38FC}.Release|Any CPU.ActiveCfg = Release|Any CPU
		{5714B0C6-82F3-4CC6-B33E-E3F8835C38FC}.Release|Any CPU.Build.0 = Release|Any CPU
		{0C5CD96E-9B43-4065-8A02-83B96989E242}.Debug|Any CPU.ActiveCfg = Debug|Any CPU
		{0C5CD96E-9B43-4065-8A02-83B96989E242}.Debug|Any CPU.Build.0 = Debug|Any CPU
		{0C5CD96E-9B43-4065-8A02-83B96989E242}.Release|Any CPU.ActiveCfg = Release|Any CPU
		{0C5CD96E-9B43-4065-8A02-83B96989E242}.Release|Any CPU.Build.0 = Release|Any CPU
		{02AB8E76-2073-4F30-B891-1A1B60AE5101}.Debug|Any CPU.ActiveCfg = Debug|Any CPU
		{02AB8E76-2073-4F30-B891-1A1B60AE5101}.Debug|Any CPU.Build.0 = Debug|Any CPU
		{02AB8E76-2073-4F30-B891-1A1B60AE5101}.Release|Any CPU.ActiveCfg = Release|Any CPU
		{ACA76AA8-1231-480D-A2B0-EA5A63C477EB}.Debug|Any CPU.ActiveCfg = Debug|Any CPU
		{ACA76AA8-1231-480D-A2B0-EA5A63C477EB}.Debug|Any CPU.Build.0 = Debug|Any CPU
		{ACA76AA8-1231-480D-A2B0-EA5A63C477EB}.Release|Any CPU.ActiveCfg = Release|Any CPU
		{16E901F8-B205-48F3-B1CD-E631E7F30FFD}.Debug|Any CPU.ActiveCfg = Debug|Any CPU
		{16E901F8-B205-48F3-B1CD-E631E7F30FFD}.Debug|Any CPU.Build.0 = Debug|Any CPU
		{16E901F8-B205-48F3-B1CD-E631E7F30FFD}.Release|Any CPU.ActiveCfg = Release|Any CPU
		{8694BCC9-B84F-4692-B14B-DC8C5A39310E}.Debug|Any CPU.ActiveCfg = Debug|Any CPU
		{8694BCC9-B84F-4692-B14B-DC8C5A39310E}.Debug|Any CPU.Build.0 = Debug|Any CPU
		{8694BCC9-B84F-4692-B14B-DC8C5A39310E}.Release|Any CPU.ActiveCfg = Release|Any CPU
		{F6C15702-B96F-4581-B8DA-9DA3D6AD5646}.Debug|Any CPU.ActiveCfg = Debug|Any CPU
		{F6C15702-B96F-4581-B8DA-9DA3D6AD5646}.Debug|Any CPU.Build.0 = Debug|Any CPU
		{F6C15702-B96F-4581-B8DA-9DA3D6AD5646}.Release|Any CPU.ActiveCfg = Release|Any CPU
		{EC259AB6-762C-47D9-8DC0-F2B9E020C10E}.Debug|Any CPU.ActiveCfg = Debug|Any CPU
		{EC259AB6-762C-47D9-8DC0-F2B9E020C10E}.Debug|Any CPU.Build.0 = Debug|Any CPU
		{EC259AB6-762C-47D9-8DC0-F2B9E020C10E}.Release|Any CPU.ActiveCfg = Release|Any CPU
		{EC259AB6-762C-47D9-8DC0-F2B9E020C10E}.Release|Any CPU.Build.0 = Release|Any CPU
		{A5CD06A3-28F5-4D2F-8DFD-62BE4808AF5A}.Debug|Any CPU.ActiveCfg = Debug|Any CPU
		{A5CD06A3-28F5-4D2F-8DFD-62BE4808AF5A}.Debug|Any CPU.Build.0 = Debug|Any CPU
		{A5CD06A3-28F5-4D2F-8DFD-62BE4808AF5A}.Release|Any CPU.ActiveCfg = Release|Any CPU
		{A5CD06A3-28F5-4D2F-8DFD-62BE4808AF5A}.Release|Any CPU.Build.0 = Release|Any CPU
		{01329142-F933-4811-A40D-20D1DDEDAD14}.Debug|Any CPU.ActiveCfg = Debug|Any CPU
		{01329142-F933-4811-A40D-20D1DDEDAD14}.Debug|Any CPU.Build.0 = Debug|Any CPU
		{01329142-F933-4811-A40D-20D1DDEDAD14}.Release|Any CPU.ActiveCfg = Release|Any CPU
		{01329142-F933-4811-A40D-20D1DDEDAD14}.Release|Any CPU.Build.0 = Release|Any CPU
		{86969290-3921-4D3E-9168-0380D55B547A}.Debug|Any CPU.ActiveCfg = Debug|Any CPU
		{86969290-3921-4D3E-9168-0380D55B547A}.Debug|Any CPU.Build.0 = Debug|Any CPU
		{86969290-3921-4D3E-9168-0380D55B547A}.Release|Any CPU.ActiveCfg = Release|Any CPU
		{86969290-3921-4D3E-9168-0380D55B547A}.Release|Any CPU.Build.0 = Release|Any CPU
		{6EB11F48-D4B9-4492-83FA-C413728AC0A3}.Debug|Any CPU.ActiveCfg = Debug|Any CPU
		{6EB11F48-D4B9-4492-83FA-C413728AC0A3}.Debug|Any CPU.Build.0 = Debug|Any CPU
		{6EB11F48-D4B9-4492-83FA-C413728AC0A3}.Release|Any CPU.ActiveCfg = Release|Any CPU
		{6EB11F48-D4B9-4492-83FA-C413728AC0A3}.Release|Any CPU.Build.0 = Release|Any CPU
		{AC6AD921-828C-484F-B746-BACFEC5CD856}.Debug|Any CPU.ActiveCfg = Debug|Any CPU
		{AC6AD921-828C-484F-B746-BACFEC5CD856}.Debug|Any CPU.Build.0 = Debug|Any CPU
		{AC6AD921-828C-484F-B746-BACFEC5CD856}.Release|Any CPU.ActiveCfg = Release|Any CPU
		{AC6AD921-828C-484F-B746-BACFEC5CD856}.Release|Any CPU.Build.0 = Release|Any CPU
		{9C8D53DD-FE21-4142-802B-25FCE61CD2A5}.Debug|Any CPU.ActiveCfg = Debug|Any CPU
		{9C8D53DD-FE21-4142-802B-25FCE61CD2A5}.Debug|Any CPU.Build.0 = Debug|Any CPU
		{9C8D53DD-FE21-4142-802B-25FCE61CD2A5}.Release|Any CPU.ActiveCfg = Release|Any CPU
		{9C8D53DD-FE21-4142-802B-25FCE61CD2A5}.Release|Any CPU.Build.0 = Release|Any CPU
		{002F1AE2-64D0-40B3-9BE8-337C1C8944B1}.Debug|Any CPU.ActiveCfg = Debug|Any CPU
		{002F1AE2-64D0-40B3-9BE8-337C1C8944B1}.Debug|Any CPU.Build.0 = Debug|Any CPU
		{002F1AE2-64D0-40B3-9BE8-337C1C8944B1}.Release|Any CPU.ActiveCfg = Release|Any CPU
		{002F1AE2-64D0-40B3-9BE8-337C1C8944B1}.Release|Any CPU.Build.0 = Release|Any CPU
		{1E1D74D2-0A2F-4C10-A3E3-B9F1F6D8E3E1}.Debug|Any CPU.ActiveCfg = Debug|Any CPU
		{1E1D74D2-0A2F-4C10-A3E3-B9F1F6D8E3E1}.Debug|Any CPU.Build.0 = Debug|Any CPU
		{1E1D74D2-0A2F-4C10-A3E3-B9F1F6D8E3E1}.Release|Any CPU.ActiveCfg = Release|Any CPU
		{1E1D74D2-0A2F-4C10-A3E3-B9F1F6D8E3E1}.Release|Any CPU.Build.0 = Release|Any CPU
		{4164FEBA-40CF-43C8-B055-AB13A78AD1A4}.Debug|Any CPU.ActiveCfg = Debug|Any CPU
		{4164FEBA-40CF-43C8-B055-AB13A78AD1A4}.Debug|Any CPU.Build.0 = Debug|Any CPU
		{4164FEBA-40CF-43C8-B055-AB13A78AD1A4}.Release|Any CPU.ActiveCfg = Release|Any CPU
		{4164FEBA-40CF-43C8-B055-AB13A78AD1A4}.Release|Any CPU.Build.0 = Release|Any CPU
	EndGlobalSection
	GlobalSection(SolutionProperties) = preSolution
		HideSolutionNode = FALSE
	EndGlobalSection
	GlobalSection(NestedProjects) = preSolution
		{398D1756-2C56-454A-A7EC-E996BB146C2E} = {833C4A4B-3E09-4816-A78F-E16447F7B825}
		{788C52B8-DD44-4FC2-ACA7-492D6C79956D} = {833C4A4B-3E09-4816-A78F-E16447F7B825}
		{3B42FF95-85A5-47FF-87C6-748A493CD9B5} = {C7CFDDD5-F148-4046-8C96-22DC17A3F203}
		{E8727087-75F2-435F-BD11-78B4DFF59A40} = {7B667C9E-38F1-4346-BD16-0A35414ACC14}
		{9D384026-D73B-4BA9-9AE3-7D2172C438CE} = {A328B80D-120E-4701-B2B8-5DBE6D8E319A}
		{71760CC4-83EF-4043-9DC5-8E8A40A9C765} = {7B667C9E-38F1-4346-BD16-0A35414ACC14}
		{5714B0C6-82F3-4CC6-B33E-E3F8835C38FC} = {55ED89F8-2239-42E8-949C-E93CE9B5CFC0}
		{0C5CD96E-9B43-4065-8A02-83B96989E242} = {55ED89F8-2239-42E8-949C-E93CE9B5CFC0}
		{02AB8E76-2073-4F30-B891-1A1B60AE5101} = {55ED89F8-2239-42E8-949C-E93CE9B5CFC0}
		{ACA76AA8-1231-480D-A2B0-EA5A63C477EB} = {55ED89F8-2239-42E8-949C-E93CE9B5CFC0}
		{16E901F8-B205-48F3-B1CD-E631E7F30FFD} = {C7CFDDD5-F148-4046-8C96-22DC17A3F203}
		{8694BCC9-B84F-4692-B14B-DC8C5A39310E} = {A328B80D-120E-4701-B2B8-5DBE6D8E319A}
		{F6C15702-B96F-4581-B8DA-9DA3D6AD5646} = {55ED89F8-2239-42E8-949C-E93CE9B5CFC0}
		{EC259AB6-762C-47D9-8DC0-F2B9E020C10E} = {1ADB4068-4420-413A-BDB1-AD4DCD0073C2}
		{55ED89F8-2239-42E8-949C-E93CE9B5CFC0} = {694ABF97-6A12-4F55-8EEC-A28551FA350E}
		{7B667C9E-38F1-4346-BD16-0A35414ACC14} = {694ABF97-6A12-4F55-8EEC-A28551FA350E}
		{A328B80D-120E-4701-B2B8-5DBE6D8E319A} = {694ABF97-6A12-4F55-8EEC-A28551FA350E}
		{4873D525-DFD0-4FB7-8416-8DA7B21C3DCB} = {6E99D59A-35B2-44BD-B270-8AEE9DE07B87}
		{A5CD06A3-28F5-4D2F-8DFD-62BE4808AF5A} = {823D2174-AA3F-411B-B01C-1E4E23D7EA74}
		{01329142-F933-4811-A40D-20D1DDEDAD14} = {823D2174-AA3F-411B-B01C-1E4E23D7EA74}
		{86969290-3921-4D3E-9168-0380D55B547A} = {F61D2D43-8B41-42FF-8F70-A06BFEA61FFD}
		{6EB11F48-D4B9-4492-83FA-C413728AC0A3} = {F61D2D43-8B41-42FF-8F70-A06BFEA61FFD}
		{AC6AD921-828C-484F-B746-BACFEC5CD856} = {F61D2D43-8B41-42FF-8F70-A06BFEA61FFD}
		{9C8D53DD-FE21-4142-802B-25FCE61CD2A5} = {F61D2D43-8B41-42FF-8F70-A06BFEA61FFD}
		{002F1AE2-64D0-40B3-9BE8-337C1C8944B1} = {F61D2D43-8B41-42FF-8F70-A06BFEA61FFD}
		{1E1D74D2-0A2F-4C10-A3E3-B9F1F6D8E3E1} = {F61D2D43-8B41-42FF-8F70-A06BFEA61FFD}
		{4164FEBA-40CF-43C8-B055-AB13A78AD1A4} = {F61D2D43-8B41-42FF-8F70-A06BFEA61FFD}
	EndGlobalSection
EndGlobal
