
Microsoft Visual Studio Solution File, Format Version 12.00
# Visual Studio 2012
Project("{FAE04EC0-301F-11D3-BF4B-00C04F79EFBC}") = "Bugger.Applications", "Bugger.Applications\Bugger.Applications.csproj", "{398D1756-2C56-454A-A7EC-E996BB146C2E}"
EndProject
Project("{2150E333-8FDC-42A3-9474-1A3956D46DE8}") = "Frameworks", "Frameworks", "{F61D2D43-8B41-42FF-8F70-A06BFEA61FFD}"
EndProject
Project("{FAE04EC0-301F-11D3-BF4B-00C04F79EFBC}") = "BigEgg.Framework", "..\BigEggCore\Framework\BigEgg.Framework\BigEgg.Framework.csproj", "{EE01D20C-0F89-4219-A615-E5566A73814E}"
EndProject
Project("{FAE04EC0-301F-11D3-BF4B-00C04F79EFBC}") = "BigEgg.Framework.UnitTesting", "..\BigEggCore\Framework\BigEgg.Framework.UnitTesting\BigEgg.Framework.UnitTesting.csproj", "{0CC7A8DA-A50B-405F-B14C-8B6BBAEA42CE}"
EndProject
Project("{2150E333-8FDC-42A3-9474-1A3956D46DE8}") = "Bugger.Proxys", "Bugger.Proxys", "{694ABF97-6A12-4F55-8EEC-A28551FA350E}"
EndProject
Project("{FAE04EC0-301F-11D3-BF4B-00C04F79EFBC}") = "BigEgg.Framework.Test", "..\BigEggCore\Framework\BigEgg.Framework.Test\BigEgg.Framework.Test.csproj", "{4ECBABE4-6EAB-47DB-9AD1-EAD9F6C655A0}"
EndProject
Project("{FAE04EC0-301F-11D3-BF4B-00C04F79EFBC}") = "Bugger.Proxys", "Bugger.Proxys\Bugger.Proxys\Bugger.Proxys.csproj", "{E8727087-75F2-435F-BD11-78B4DFF59A40}"
EndProject
Project("{FAE04EC0-301F-11D3-BF4B-00C04F79EFBC}") = "Bugger.Proxys.TFS", "Bugger.Proxys\Bugger.Proxys.TFS\Bugger.Proxys.TFS.csproj", "{5714B0C6-82F3-4CC6-B33E-E3F8835C38FC}"
EndProject
Project("{FAE04EC0-301F-11D3-BF4B-00C04F79EFBC}") = "Bugger.Proxys.Test", "Bugger.Proxys\Bugger.Proxys.Test\Bugger.Proxys.Test.csproj", "{71760CC4-83EF-4043-9DC5-8E8A40A9C765}"
EndProject
Project("{FAE04EC0-301F-11D3-BF4B-00C04F79EFBC}") = "Bugger.Proxys.TFS.Test", "Bugger.Proxys\Bugger.Proxys.TFS.Test\Bugger.Proxys.TFS.Test.csproj", "{ACA76AA8-1231-480D-A2B0-EA5A63C477EB}"
EndProject
Global
	GlobalSection(TeamFoundationVersionControl) = preSolution
		SccNumberOfProjects = 9
		SccEnterpriseProvider = {4CA58AB2-18FA-4F8D-95D4-32DDF27D184C}
		SccTeamFoundationServer = https://tfs.codeplex.com/tfs/tfs12
		SccLocalPath0 = .
		SccProjectUniqueName1 = Bugger.Applications\\Bugger.Applications.csproj
		SccProjectName1 = Bugger.Applications
		SccLocalPath1 = Bugger.Applications
		SccProjectUniqueName2 = ..\\BigEggCore\\Framework\\BigEgg.Framework\\BigEgg.Framework.csproj
		SccProjectTopLevelParentUniqueName2 = Bugger.sln
		SccProjectName2 = ../BigEggCore/Framework/BigEgg.Framework
		SccLocalPath2 = ..\\BigEggCore\\Framework\\BigEgg.Framework
		SccProjectUniqueName3 = ..\\BigEggCore\\Framework\\BigEgg.Framework.UnitTesting\\BigEgg.Framework.UnitTesting.csproj
		SccProjectTopLevelParentUniqueName3 = Bugger.sln
		SccProjectName3 = ../BigEggCore/Framework/BigEgg.Framework.UnitTesting
		SccLocalPath3 = ..\\BigEggCore\\Framework\\BigEgg.Framework.UnitTesting
		SccProjectUniqueName4 = ..\\BigEggCore\\Framework\\BigEgg.Framework.Test\\BigEgg.Framework.Test.csproj
		SccProjectTopLevelParentUniqueName4 = Bugger.sln
		SccProjectName4 = ../BigEggCore/Framework/BigEgg.Framework.Test
		SccLocalPath4 = ..\\BigEggCore\\Framework\\BigEgg.Framework.Test
		SccProjectUniqueName5 = Bugger.Proxys\\Bugger.Proxys\\Bugger.Proxys.csproj
		SccProjectTopLevelParentUniqueName5 = Bugger.sln
		SccProjectName5 = Bugger.Proxys/Bugger.Proxys
		SccLocalPath5 = Bugger.Proxys\\Bugger.Proxys
		SccProjectUniqueName6 = Bugger.Proxys\\Bugger.Proxys.TFS\\Bugger.Proxys.TFS.csproj
		SccProjectTopLevelParentUniqueName6 = Bugger.sln
		SccProjectName6 = Bugger.Proxys/Bugger.Proxys.TFS
		SccLocalPath6 = Bugger.Proxys\\Bugger.Proxys.TFS
		SccProjectUniqueName7 = Bugger.Proxys\\Bugger.Proxys.Test\\Bugger.Proxys.Test.csproj
		SccProjectTopLevelParentUniqueName7 = Bugger.sln
		SccProjectName7 = Bugger.Proxys/Bugger.Proxys.Test
		SccLocalPath7 = Bugger.Proxys\\Bugger.Proxys.Test
		SccProjectUniqueName8 = Bugger.Proxys\\Bugger.Proxys.TFS.Test\\Bugger.Proxys.TFS.Test.csproj
		SccProjectTopLevelParentUniqueName8 = Bugger.sln
		SccProjectName8 = Bugger.Proxys/Bugger.Proxys.TFS.Test
		SccLocalPath8 = Bugger.Proxys\\Bugger.Proxys.TFS.Test
	EndGlobalSection
	GlobalSection(SolutionConfigurationPlatforms) = preSolution
		Debug|Any CPU = Debug|Any CPU
		Release|Any CPU = Release|Any CPU
	EndGlobalSection
	GlobalSection(ProjectConfigurationPlatforms) = postSolution
		{398D1756-2C56-454A-A7EC-E996BB146C2E}.Debug|Any CPU.ActiveCfg = Debug|Any CPU
		{398D1756-2C56-454A-A7EC-E996BB146C2E}.Debug|Any CPU.Build.0 = Debug|Any CPU
		{398D1756-2C56-454A-A7EC-E996BB146C2E}.Release|Any CPU.ActiveCfg = Release|Any CPU
		{398D1756-2C56-454A-A7EC-E996BB146C2E}.Release|Any CPU.Build.0 = Release|Any CPU
		{EE01D20C-0F89-4219-A615-E5566A73814E}.Debug|Any CPU.ActiveCfg = Debug|Any CPU
		{EE01D20C-0F89-4219-A615-E5566A73814E}.Debug|Any CPU.Build.0 = Debug|Any CPU
		{EE01D20C-0F89-4219-A615-E5566A73814E}.Release|Any CPU.ActiveCfg = Release|Any CPU
		{EE01D20C-0F89-4219-A615-E5566A73814E}.Release|Any CPU.Build.0 = Release|Any CPU
		{0CC7A8DA-A50B-405F-B14C-8B6BBAEA42CE}.Debug|Any CPU.ActiveCfg = Debug|Any CPU
		{0CC7A8DA-A50B-405F-B14C-8B6BBAEA42CE}.Debug|Any CPU.Build.0 = Debug|Any CPU
		{0CC7A8DA-A50B-405F-B14C-8B6BBAEA42CE}.Release|Any CPU.ActiveCfg = Release|Any CPU
		{0CC7A8DA-A50B-405F-B14C-8B6BBAEA42CE}.Release|Any CPU.Build.0 = Release|Any CPU
		{4ECBABE4-6EAB-47DB-9AD1-EAD9F6C655A0}.Debug|Any CPU.ActiveCfg = Debug|Any CPU
		{4ECBABE4-6EAB-47DB-9AD1-EAD9F6C655A0}.Debug|Any CPU.Build.0 = Debug|Any CPU
		{4ECBABE4-6EAB-47DB-9AD1-EAD9F6C655A0}.Release|Any CPU.ActiveCfg = Release|Any CPU
		{4ECBABE4-6EAB-47DB-9AD1-EAD9F6C655A0}.Release|Any CPU.Build.0 = Release|Any CPU
		{E8727087-75F2-435F-BD11-78B4DFF59A40}.Debug|Any CPU.ActiveCfg = Debug|Any CPU
		{E8727087-75F2-435F-BD11-78B4DFF59A40}.Debug|Any CPU.Build.0 = Debug|Any CPU
		{E8727087-75F2-435F-BD11-78B4DFF59A40}.Release|Any CPU.ActiveCfg = Release|Any CPU
		{E8727087-75F2-435F-BD11-78B4DFF59A40}.Release|Any CPU.Build.0 = Release|Any CPU
		{5714B0C6-82F3-4CC6-B33E-E3F8835C38FC}.Debug|Any CPU.ActiveCfg = Debug|Any CPU
		{5714B0C6-82F3-4CC6-B33E-E3F8835C38FC}.Debug|Any CPU.Build.0 = Debug|Any CPU
		{5714B0C6-82F3-4CC6-B33E-E3F8835C38FC}.Release|Any CPU.ActiveCfg = Release|Any CPU
		{5714B0C6-82F3-4CC6-B33E-E3F8835C38FC}.Release|Any CPU.Build.0 = Release|Any CPU
		{71760CC4-83EF-4043-9DC5-8E8A40A9C765}.Debug|Any CPU.ActiveCfg = Debug|Any CPU
		{71760CC4-83EF-4043-9DC5-8E8A40A9C765}.Debug|Any CPU.Build.0 = Debug|Any CPU
		{71760CC4-83EF-4043-9DC5-8E8A40A9C765}.Release|Any CPU.ActiveCfg = Release|Any CPU
		{71760CC4-83EF-4043-9DC5-8E8A40A9C765}.Release|Any CPU.Build.0 = Release|Any CPU
		{ACA76AA8-1231-480D-A2B0-EA5A63C477EB}.Debug|Any CPU.ActiveCfg = Debug|Any CPU
		{ACA76AA8-1231-480D-A2B0-EA5A63C477EB}.Debug|Any CPU.Build.0 = Debug|Any CPU
		{ACA76AA8-1231-480D-A2B0-EA5A63C477EB}.Release|Any CPU.ActiveCfg = Release|Any CPU
		{ACA76AA8-1231-480D-A2B0-EA5A63C477EB}.Release|Any CPU.Build.0 = Release|Any CPU
	EndGlobalSection
	GlobalSection(SolutionProperties) = preSolution
		HideSolutionNode = FALSE
	EndGlobalSection
	GlobalSection(NestedProjects) = preSolution
		{EE01D20C-0F89-4219-A615-E5566A73814E} = {F61D2D43-8B41-42FF-8F70-A06BFEA61FFD}
		{0CC7A8DA-A50B-405F-B14C-8B6BBAEA42CE} = {F61D2D43-8B41-42FF-8F70-A06BFEA61FFD}
		{4ECBABE4-6EAB-47DB-9AD1-EAD9F6C655A0} = {F61D2D43-8B41-42FF-8F70-A06BFEA61FFD}
		{E8727087-75F2-435F-BD11-78B4DFF59A40} = {694ABF97-6A12-4F55-8EEC-A28551FA350E}
		{5714B0C6-82F3-4CC6-B33E-E3F8835C38FC} = {694ABF97-6A12-4F55-8EEC-A28551FA350E}
		{71760CC4-83EF-4043-9DC5-8E8A40A9C765} = {694ABF97-6A12-4F55-8EEC-A28551FA350E}
		{ACA76AA8-1231-480D-A2B0-EA5A63C477EB} = {694ABF97-6A12-4F55-8EEC-A28551FA350E}
	EndGlobalSection
EndGlobal
